// !$*UTF8*$!
{
	archiveVersion = 1;
	classes = {
	};
	objectVersion = 46;
	objects = {

/* Begin PBXBuildFile section */
		8B1EE5A11FAE60ED0070748F /* Tree.swift in Sources */ = {isa = PBXBuildFile; fileRef = 8B1EE5A01FAE60ED0070748F /* Tree.swift */; };
		8B4FB4D31FA9390B00E223AD /* main.swift in Sources */ = {isa = PBXBuildFile; fileRef = 8B4FB4D21FA9390B00E223AD /* main.swift */; };
		8B4FB4DB1FA9395B00E223AD /* LinkedList.swift in Sources */ = {isa = PBXBuildFile; fileRef = 8B4FB4DA1FA9395B00E223AD /* LinkedList.swift */; };
		8B5B52741FA956A300D79391 /* String.swift in Sources */ = {isa = PBXBuildFile; fileRef = 8B5B52731FA956A300D79391 /* String.swift */; };
		8B5B52771FA9577500D79391 /* Recursion.swift in Sources */ = {isa = PBXBuildFile; fileRef = 8B5B52761FA9577500D79391 /* Recursion.swift */; };
		8B5B527A1FA957D000D79391 /* Rotation.swift in Sources */ = {isa = PBXBuildFile; fileRef = 8B5B52791FA957D000D79391 /* Rotation.swift */; };
		8B5B527C1FA9581C00D79391 /* Calculations.swift in Sources */ = {isa = PBXBuildFile; fileRef = 8B5B527B1FA9581C00D79391 /* Calculations.swift */; };
		8B5B527E1FA9583500D79391 /* Search.swift in Sources */ = {isa = PBXBuildFile; fileRef = 8B5B527D1FA9583500D79391 /* Search.swift */; };
		8B5B52801FA9629A00D79391 /* Permutation.swift in Sources */ = {isa = PBXBuildFile; fileRef = 8B5B527F1FA9629A00D79391 /* Permutation.swift */; };
/* End PBXBuildFile section */

/* Begin PBXCopyFilesBuildPhase section */
		8B4FB4CD1FA9390B00E223AD /* CopyFiles */ = {
			isa = PBXCopyFilesBuildPhase;
			buildActionMask = 2147483647;
			dstPath = /usr/share/man/man1/;
			dstSubfolderSpec = 0;
			files = (
			);
			runOnlyForDeploymentPostprocessing = 1;
		};
/* End PBXCopyFilesBuildPhase section */

/* Begin PBXFileReference section */
		8B1EE5A01FAE60ED0070748F /* Tree.swift */ = {isa = PBXFileReference; fileEncoding = 4; lastKnownFileType = sourcecode.swift; name = Tree.swift; path = Tree/Tree.swift; sourceTree = "<group>"; };
		8B4FB4CF1FA9390B00E223AD /* hkMelius */ = {isa = PBXFileReference; explicitFileType = "compiled.mach-o.executable"; includeInIndex = 0; path = hkMelius; sourceTree = BUILT_PRODUCTS_DIR; };
		8B4FB4D21FA9390B00E223AD /* main.swift */ = {isa = PBXFileReference; lastKnownFileType = sourcecode.swift; path = main.swift; sourceTree = "<group>"; };
		8B4FB4DA1FA9395B00E223AD /* LinkedList.swift */ = {isa = PBXFileReference; fileEncoding = 4; lastKnownFileType = sourcecode.swift; name = LinkedList.swift; path = LinkedList/LinkedList.swift; sourceTree = "<group>"; };
		8B5B52731FA956A300D79391 /* String.swift */ = {isa = PBXFileReference; fileEncoding = 4; lastKnownFileType = sourcecode.swift; name = String.swift; path = String/String.swift; sourceTree = "<group>"; };
		8B5B52761FA9577500D79391 /* Recursion.swift */ = {isa = PBXFileReference; fileEncoding = 4; lastKnownFileType = sourcecode.swift; name = Recursion.swift; path = Recursion/Recursion.swift; sourceTree = "<group>"; };
		8B5B52791FA957D000D79391 /* Rotation.swift */ = {isa = PBXFileReference; fileEncoding = 4; lastKnownFileType = sourcecode.swift; name = Rotation.swift; path = Array/Rotation.swift; sourceTree = "<group>"; };
		8B5B527B1FA9581C00D79391 /* Calculations.swift */ = {isa = PBXFileReference; fileEncoding = 4; lastKnownFileType = sourcecode.swift; name = Calculations.swift; path = Array/Calculations.swift; sourceTree = "<group>"; };
		8B5B527D1FA9583500D79391 /* Search.swift */ = {isa = PBXFileReference; fileEncoding = 4; lastKnownFileType = sourcecode.swift; name = Search.swift; path = Array/Search.swift; sourceTree = "<group>"; };
		8B5B527F1FA9629A00D79391 /* Permutation.swift */ = {isa = PBXFileReference; fileEncoding = 4; lastKnownFileType = sourcecode.swift; name = Permutation.swift; path = String/Permutation.swift; sourceTree = "<group>"; };
/* End PBXFileReference section */

/* Begin PBXFrameworksBuildPhase section */
		8B4FB4CC1FA9390B00E223AD /* Frameworks */ = {
			isa = PBXFrameworksBuildPhase;
			buildActionMask = 2147483647;
			files = (
			);
			runOnlyForDeploymentPostprocessing = 0;
		};
/* End PBXFrameworksBuildPhase section */

/* Begin PBXGroup section */
		8B1EE59F1FAE60D00070748F /* Tree */ = {
			isa = PBXGroup;
			children = (
				8B1EE5A01FAE60ED0070748F /* Tree.swift */,
			);
			name = Tree;
			sourceTree = "<group>";
		};
		8B4FB4C61FA9390B00E223AD = {
			isa = PBXGroup;
			children = (
				8B4FB4D11FA9390B00E223AD /* hkMelius */,
				8B4FB4D01FA9390B00E223AD /* Products */,
			);
			sourceTree = "<group>";
		};
		8B4FB4D01FA9390B00E223AD /* Products */ = {
			isa = PBXGroup;
			children = (
				8B4FB4CF1FA9390B00E223AD /* hkMelius */,
			);
			name = Products;
			sourceTree = "<group>";
		};
		8B4FB4D11FA9390B00E223AD /* hkMelius */ = {
			isa = PBXGroup;
			children = (
				8B1EE59F1FAE60D00070748F /* Tree */,
				8B5B52781FA957BD00D79391 /* Array */,
				8B5B52751FA9576700D79391 /* Recursion */,
				8B5B52721FA9568100D79391 /* String */,
				8B4FB4D91FA9391B00E223AD /* Linkedlist */,
				8B4FB4D21FA9390B00E223AD /* main.swift */,
			);
			path = hkMelius;
			sourceTree = "<group>";
		};
		8B4FB4D91FA9391B00E223AD /* Linkedlist */ = {
			isa = PBXGroup;
			children = (
				8B4FB4DA1FA9395B00E223AD /* LinkedList.swift */,
			);
			name = Linkedlist;
			sourceTree = "<group>";
		};
		8B5B52721FA9568100D79391 /* String */ = {
			isa = PBXGroup;
			children = (
				8B5B52731FA956A300D79391 /* String.swift */,
				8B5B527F1FA9629A00D79391 /* Permutation.swift */,
			);
			name = String;
			sourceTree = "<group>";
		};
		8B5B52751FA9576700D79391 /* Recursion */ = {
			isa = PBXGroup;
			children = (
				8B5B52761FA9577500D79391 /* Recursion.swift */,
			);
			name = Recursion;
			sourceTree = "<group>";
		};
		8B5B52781FA957BD00D79391 /* Array */ = {
			isa = PBXGroup;
			children = (
				8B5B52791FA957D000D79391 /* Rotation.swift */,
				8B5B527B1FA9581C00D79391 /* Calculations.swift */,
				8B5B527D1FA9583500D79391 /* Search.swift */,
			);
			name = Array;
			sourceTree = "<group>";
		};
/* End PBXGroup section */

/* Begin PBXNativeTarget section */
		8B4FB4CE1FA9390B00E223AD /* hkMelius */ = {
			isa = PBXNativeTarget;
			buildConfigurationList = 8B4FB4D61FA9390B00E223AD /* Build configuration list for PBXNativeTarget "hkMelius" */;
			buildPhases = (
				8B4FB4CB1FA9390B00E223AD /* Sources */,
				8B4FB4CC1FA9390B00E223AD /* Frameworks */,
				8B4FB4CD1FA9390B00E223AD /* CopyFiles */,
			);
			buildRules = (
			);
			dependencies = (
			);
			name = hkMelius;
			productName = hkMelius;
			productReference = 8B4FB4CF1FA9390B00E223AD /* hkMelius */;
			productType = "com.apple.product-type.tool";
		};
/* End PBXNativeTarget section */

/* Begin PBXProject section */
		8B4FB4C71FA9390B00E223AD /* Project object */ = {
			isa = PBXProject;
			attributes = {
				LastSwiftUpdateCheck = 0830;
				LastUpgradeCheck = 0830;
				ORGANIZATIONNAME = Heuristisk;
				TargetAttributes = {
					8B4FB4CE1FA9390B00E223AD = {
						CreatedOnToolsVersion = 8.3.3;
						DevelopmentTeam = 3ET68Q56D7;
						ProvisioningStyle = Automatic;
					};
				};
			};
			buildConfigurationList = 8B4FB4CA1FA9390B00E223AD /* Build configuration list for PBXProject "hkMelius" */;
			compatibilityVersion = "Xcode 3.2";
			developmentRegion = English;
			hasScannedForEncodings = 0;
			knownRegions = (
				en,
			);
			mainGroup = 8B4FB4C61FA9390B00E223AD;
			productRefGroup = 8B4FB4D01FA9390B00E223AD /* Products */;
			projectDirPath = "";
			projectRoot = "";
			targets = (
				8B4FB4CE1FA9390B00E223AD /* hkMelius */,
			);
		};
/* End PBXProject section */

/* Begin PBXSourcesBuildPhase section */
		8B4FB4CB1FA9390B00E223AD /* Sources */ = {
			isa = PBXSourcesBuildPhase;
			buildActionMask = 2147483647;
			files = (
				8B5B52771FA9577500D79391 /* Recursion.swift in Sources */,
				8B5B527C1FA9581C00D79391 /* Calculations.swift in Sources */,
				8B5B527A1FA957D000D79391 /* Rotation.swift in Sources */,
				8B1EE5A11FAE60ED0070748F /* Tree.swift in Sources */,
				8B5B52741FA956A300D79391 /* String.swift in Sources */,
				8B5B52801FA9629A00D79391 /* Permutation.swift in Sources */,
				8B4FB4DB1FA9395B00E223AD /* LinkedList.swift in Sources */,
				8B4FB4D31FA9390B00E223AD /* main.swift in Sources */,
				8B5B527E1FA9583500D79391 /* Search.swift in Sources */,
			);
			runOnlyForDeploymentPostprocessing = 0;
		};
/* End PBXSourcesBuildPhase section */

/* Begin XCBuildConfiguration section */
		8B4FB4D41FA9390B00E223AD /* Debug */ = {
			isa = XCBuildConfiguration;
			buildSettings = {
				ALWAYS_SEARCH_USER_PATHS = NO;
				CLANG_ANALYZER_NONNULL = YES;
				CLANG_ANALYZER_NUMBER_OBJECT_CONVERSION = YES_AGGRESSIVE;
				CLANG_CXX_LANGUAGE_STANDARD = "gnu++0x";
				CLANG_CXX_LIBRARY = "libc++";
				CLANG_ENABLE_MODULES = YES;
				CLANG_ENABLE_OBJC_ARC = YES;
				CLANG_WARN_BOOL_CONVERSION = YES;
				CLANG_WARN_CONSTANT_CONVERSION = YES;
				CLANG_WARN_DIRECT_OBJC_ISA_USAGE = YES_ERROR;
				CLANG_WARN_DOCUMENTATION_COMMENTS = YES;
				CLANG_WARN_EMPTY_BODY = YES;
				CLANG_WARN_ENUM_CONVERSION = YES;
				CLANG_WARN_INFINITE_RECURSION = YES;
				CLANG_WARN_INT_CONVERSION = YES;
				CLANG_WARN_OBJC_ROOT_CLASS = YES_ERROR;
				CLANG_WARN_SUSPICIOUS_MOVE = YES;
				CLANG_WARN_UNREACHABLE_CODE = YES;
				CLANG_WARN__DUPLICATE_METHOD_MATCH = YES;
				CODE_SIGN_IDENTITY = "-";
				COPY_PHASE_STRIP = NO;
				DEBUG_INFORMATION_FORMAT = dwarf;
				ENABLE_STRICT_OBJC_MSGSEND = YES;
				ENABLE_TESTABILITY = YES;
				GCC_C_LANGUAGE_STANDARD = gnu99;
				GCC_DYNAMIC_NO_PIC = NO;
				GCC_NO_COMMON_BLOCKS = YES;
				GCC_OPTIMIZATION_LEVEL = 0;
				GCC_PREPROCESSOR_DEFINITIONS = (
					"DEBUG=1",
					"$(inherited)",
				);
				GCC_WARN_64_TO_32_BIT_CONVERSION = YES;
				GCC_WARN_ABOUT_RETURN_TYPE = YES_ERROR;
				GCC_WARN_UNDECLARED_SELECTOR = YES;
				GCC_WARN_UNINITIALIZED_AUTOS = YES_AGGRESSIVE;
				GCC_WARN_UNUSED_FUNCTION = YES;
				GCC_WARN_UNUSED_VARIABLE = YES;
				MACOSX_DEPLOYMENT_TARGET = 10.12;
				MTL_ENABLE_DEBUG_INFO = YES;
				ONLY_ACTIVE_ARCH = YES;
				SDKROOT = macosx;
				SWIFT_OPTIMIZATION_LEVEL = "-Onone";
			};
			name = Debug;
		};
		8B4FB4D51FA9390B00E223AD /* Release */ = {
			isa = XCBuildConfiguration;
			buildSettings = {
				ALWAYS_SEARCH_USER_PATHS = NO;
				CLANG_ANALYZER_NONNULL = YES;
				CLANG_ANALYZER_NUMBER_OBJECT_CONVERSION = YES_AGGRESSIVE;
				CLANG_CXX_LANGUAGE_STANDARD = "gnu++0x";
				CLANG_CXX_LIBRARY = "libc++";
				CLANG_ENABLE_MODULES = YES;
				CLANG_ENABLE_OBJC_ARC = YES;
				CLANG_WARN_BOOL_CONVERSION = YES;
				CLANG_WARN_CONSTANT_CONVERSION = YES;
				CLANG_WARN_DIRECT_OBJC_ISA_USAGE = YES_ERROR;
				CLANG_WARN_DOCUMENTATION_COMMENTS = YES;
				CLANG_WARN_EMPTY_BODY = YES;
				CLANG_WARN_ENUM_CONVERSION = YES;
				CLANG_WARN_INFINITE_RECURSION = YES;
				CLANG_WARN_INT_CONVERSION = YES;
				CLANG_WARN_OBJC_ROOT_CLASS = YES_ERROR;
				CLANG_WARN_SUSPICIOUS_MOVE = YES;
				CLANG_WARN_UNREACHABLE_CODE = YES;
				CLANG_WARN__DUPLICATE_METHOD_MATCH = YES;
				CODE_SIGN_IDENTITY = "-";
				COPY_PHASE_STRIP = NO;
				DEBUG_INFORMATION_FORMAT = "dwarf-with-dsym";
				ENABLE_NS_ASSERTIONS = NO;
				ENABLE_STRICT_OBJC_MSGSEND = YES;
				GCC_C_LANGUAGE_STANDARD = gnu99;
				GCC_NO_COMMON_BLOCKS = YES;
				GCC_WARN_64_TO_32_BIT_CONVERSION = YES;
				GCC_WARN_ABOUT_RETURN_TYPE = YES_ERROR;
				GCC_WARN_UNDECLARED_SELECTOR = YES;
				GCC_WARN_UNINITIALIZED_AUTOS = YES_AGGRESSIVE;
				GCC_WARN_UNUSED_FUNCTION = YES;
				GCC_WARN_UNUSED_VARIABLE = YES;
				MACOSX_DEPLOYMENT_TARGET = 10.12;
				MTL_ENABLE_DEBUG_INFO = NO;
				SDKROOT = macosx;
			};
			name = Release;
		};
		8B4FB4D71FA9390B00E223AD /* Debug */ = {
			isa = XCBuildConfiguration;
			buildSettings = {
				DEVELOPMENT_TEAM = 3ET68Q56D7;
				PRODUCT_NAME = "$(TARGET_NAME)";
				SWIFT_VERSION = 3.0;
			};
			name = Debug;
		};
		8B4FB4D81FA9390B00E223AD /* Release */ = {
			isa = XCBuildConfiguration;
			buildSettings = {
				DEVELOPMENT_TEAM = 3ET68Q56D7;
				PRODUCT_NAME = "$(TARGET_NAME)";
				SWIFT_VERSION = 3.0;
			};
			name = Release;
		};
/* End XCBuildConfiguration section */

/* Begin XCConfigurationList section */
		8B4FB4CA1FA9390B00E223AD /* Build configuration list for PBXProject "hkMelius" */ = {
			isa = XCConfigurationList;
			buildConfigurations = (
				8B4FB4D41FA9390B00E223AD /* Debug */,
				8B4FB4D51FA9390B00E223AD /* Release */,
			);
			defaultConfigurationIsVisible = 0;
			defaultConfigurationName = Release;
		};
		8B4FB4D61FA9390B00E223AD /* Build configuration list for PBXNativeTarget "hkMelius" */ = {
			isa = XCConfigurationList;
			buildConfigurations = (
				8B4FB4D71FA9390B00E223AD /* Debug */,
				8B4FB4D81FA9390B00E223AD /* Release */,
			);
			defaultConfigurationIsVisible = 0;
			defaultConfigurationName = Release;
		};
/* End XCConfigurationList section */
	};
	rootObject = 8B4FB4C71FA9390B00E223AD /* Project object */;
}
